
Microsoft Visual Studio Solution File, Format Version 12.00
# Visual Studio Version 17
VisualStudioVersion = 17.12.35707.178 d17.12
MinimumVisualStudioVersion = 10.0.40219.1
Project("{FAE04EC0-301F-11D3-BF4B-00C04F79EFBC}") = "DATApp", "DATApp\DATApp.csproj", "{EBE6FE5B-25D9-42F1-AEBE-A244EFA57D1C}"
EndProject
Project("{FAE04EC0-301F-11D3-BF4B-00C04F79EFBC}") = "DATApp.Tests", "DATApp.Tests\DATApp.Tests.csproj", "{8BE74BC8-8028-4763-BAB2-CC2C12326A4E}"
EndProject
Global
	GlobalSection(SolutionConfigurationPlatforms) = preSolution
		Debug|Any CPU = Debug|Any CPU
		Release|Any CPU = Release|Any CPU
	EndGlobalSection
	GlobalSection(ProjectConfigurationPlatforms) = postSolution
		{EBE6FE5B-25D9-42F1-AEBE-A244EFA57D1C}.Debug|Any CPU.ActiveCfg = Debug|Any CPU
		{EBE6FE5B-25D9-42F1-AEBE-A244EFA57D1C}.Debug|Any CPU.Build.0 = Debug|Any CPU
		{EBE6FE5B-25D9-42F1-AEBE-A244EFA57D1C}.Release|Any CPU.ActiveCfg = Release|Any CPU
		{EBE6FE5B-25D9-42F1-AEBE-A244EFA57D1C}.Release|Any CPU.Build.0 = Release|Any CPU
		{8BE74BC8-8028-4763-BAB2-CC2C12326A4E}.Debug|Any CPU.ActiveCfg = Debug|Any CPU
		{8BE74BC8-8028-4763-BAB2-CC2C12326A4E}.Debug|Any CPU.Build.0 = Debug|Any CPU
		{8BE74BC8-8028-4763-BAB2-CC2C12326A4E}.Release|Any CPU.ActiveCfg = Release|Any CPU
		{8BE74BC8-8028-4763-BAB2-CC2C12326A4E}.Release|Any CPU.Build.0 = Release|Any CPU
	EndGlobalSection
	GlobalSection(SolutionProperties) = preSolution
		HideSolutionNode = FALSE
	EndGlobalSection
EndGlobal
